{
  "name": "fe-initial",
  "version": "1.0.0",
  "lockfileVersion": 1,
  "requires": true,
  "dependencies": {
    "coa": {
      "version": "0.3.9",
      "resolved": "https://registry.npm.taobao.org/coa/download/coa-0.3.9.tgz",
      "integrity": "sha1-fj0g0wr3C4CGLpXU1JtxUYO+lgQ=",
      "requires": {
        "q": "0.8.12"
      }
    },
    "gyp": {
      "version": "0.5.0",
      "resolved": "https://registry.npm.taobao.org/gyp/download/gyp-0.5.0.tgz",
      "integrity": "sha1-SGWkVk5fS3vv84y1K4qKNjN0VvQ=",
      "requires": {
        "gyp-conditions": "0.0.4",
        "gyp-expansions": "0.0.2",
        "gyp-load": "0.5.0",
        "gyp-merge": "0.2.1"
      }
    },
    "gyp-conditions": {
      "version": "0.0.4",
      "resolved": "https://registry.npm.taobao.org/gyp-conditions/download/gyp-conditions-0.0.4.tgz",
      "integrity": "sha1-gfv2Y1qggcHwrsC4BLJ3nesGOd4=",
      "requires": {
        "ometajs": "3.2.4"
      }
    },
    "gyp-expansions": {
      "version": "0.0.2",
      "resolved": "https://registry.npm.taobao.org/gyp-expansions/download/gyp-expansions-0.0.2.tgz",
      "integrity": "sha1-5mQhpmpGGg0s84T4cA8X6xR4NnI=",
      "requires": {
        "ometajs": "3.2.4"
      }
    },
    "gyp-load": {
      "version": "0.5.0",
      "resolved": "https://registry.npm.taobao.org/gyp-load/download/gyp-load-0.5.0.tgz",
      "integrity": "sha1-EglnE6RrCnNhD8zQm1KLflJu5SA=",
      "requires": {
        "gyp-merge": "0.2.1",
        "jsonic-ometajs": "0.0.0"
      }
    },
    "gyp-merge": {
      "version": "0.2.1",
      "resolved": "https://registry.npm.taobao.org/gyp-merge/download/gyp-merge-0.2.1.tgz",
      "integrity": "sha1-0D0S1RKC97mbyoDjBZrKrOpDmYM="
    },
    "json-ometajs": {
      "version": "0.0.1",
      "resolved": "https://registry.npm.taobao.org/json-ometajs/download/json-ometajs-0.0.1.tgz",
      "integrity": "sha1-NavWW5H2w9GH0nyS9LIblBE1mZY=",
      "requires": {
        "ometajs": "3.2.4"
      }
    },
    "jsonic-ometajs": {
      "version": "0.0.0",
      "resolved": "https://registry.npm.taobao.org/jsonic-ometajs/download/jsonic-ometajs-0.0.0.tgz",
      "integrity": "sha1-VKy2ntFwzC3IfLYsR6GWHFHRRIY=",
      "requires": {
        "json-ometajs": "0.0.1",
        "ometajs": "3.2.4"
      }
    },
    "ometajs": {
      "version": "3.2.4",
      "resolved": "https://registry.npm.taobao.org/ometajs/download/ometajs-3.2.4.tgz",
      "integrity": "sha1-gHzfTA6N8XJ/Ikym2x+qxD6L2rE=",
      "requires": {
        "coa": "0.3.9",
        "q": "0.8.12",
        "uglify-js": "1.3.5"
      }
    },
    "q": {
      "version": "0.8.12",
      "resolved": "https://registry.npm.taobao.org/q/download/q-0.8.12.tgz",
      "integrity": "sha1-kWKpHhGBnEvNp9oVz1/vqtB3iCM="
    },
    "uglify-js": {
      "version": "1.3.5",
      "resolved": "https://registry.npm.taobao.org/uglify-js/download/uglify-js-1.3.5.tgz",
      "integrity": "sha1-S1v/+Rhu/7qoiOTJ6UvZ/EyUkp0="
    }
  }
}
